
Microsoft Visual Studio Solution File, Format Version 12.00
# Visual Studio Version 16
VisualStudioVersion = 16.0.30804.86
MinimumVisualStudioVersion = 10.0.40219.1
Project("{9A19103F-16F7-4668-BE54-9A1E7A4F7556}") = "BoardGames", "BoardGames\BoardGames.csproj", "{8F543794-8A6A-4756-9A98-10F5AA50431B}"
EndProject
Project("{9A19103F-16F7-4668-BE54-9A1E7A4F7556}") = "BoardGames.Tests", "BoardGames.Tests\BoardGames.Tests.csproj", "{431F4CA0-118C-4161-90D3-08C966DF9A53}"
EndProject
Project("{9A19103F-16F7-4668-BE54-9A1E7A4F7556}") = "BoardGamesContextLib", "BoardGamesContextLib\BoardGamesContextLib.csproj", "{C2D66AA1-A2C5-463C-8762-69826B7B7DD3}"
EndProject
Global
	GlobalSection(SolutionConfigurationPlatforms) = preSolution
		Debug|Any CPU = Debug|Any CPU
		Release|Any CPU = Release|Any CPU
	EndGlobalSection
	GlobalSection(ProjectConfigurationPlatforms) = postSolution
		{8F543794-8A6A-4756-9A98-10F5AA50431B}.Debug|Any CPU.ActiveCfg = Debug|Any CPU
		{8F543794-8A6A-4756-9A98-10F5AA50431B}.Debug|Any CPU.Build.0 = Debug|Any CPU
		{8F543794-8A6A-4756-9A98-10F5AA50431B}.Release|Any CPU.ActiveCfg = Release|Any CPU
		{8F543794-8A6A-4756-9A98-10F5AA50431B}.Release|Any CPU.Build.0 = Release|Any CPU
		{431F4CA0-118C-4161-90D3-08C966DF9A53}.Debug|Any CPU.ActiveCfg = Debug|Any CPU
		{431F4CA0-118C-4161-90D3-08C966DF9A53}.Debug|Any CPU.Build.0 = Debug|Any CPU
		{431F4CA0-118C-4161-90D3-08C966DF9A53}.Release|Any CPU.ActiveCfg = Release|Any CPU
		{431F4CA0-118C-4161-90D3-08C966DF9A53}.Release|Any CPU.Build.0 = Release|Any CPU
		{C2D66AA1-A2C5-463C-8762-69826B7B7DD3}.Debug|Any CPU.ActiveCfg = Debug|Any CPU
		{C2D66AA1-A2C5-463C-8762-69826B7B7DD3}.Debug|Any CPU.Build.0 = Debug|Any CPU
		{C2D66AA1-A2C5-463C-8762-69826B7B7DD3}.Release|Any CPU.ActiveCfg = Release|Any CPU
		{C2D66AA1-A2C5-463C-8762-69826B7B7DD3}.Release|Any CPU.Build.0 = Release|Any CPU
	EndGlobalSection
	GlobalSection(SolutionProperties) = preSolution
		HideSolutionNode = FALSE
	EndGlobalSection
	GlobalSection(ExtensibilityGlobals) = postSolution
		SolutionGuid = {64772544-EE0D-490E-BCFC-DFC096421466}
	EndGlobalSection
EndGlobal
